// !$*UTF8*$!
{
	archiveVersion = 1;
	classes = {
	};
	objectVersion = 50;
	objects = {

/* Begin PBXBuildFile section */
		7F326FC926C1EF6200574CC3 /* QuantityTextField.swift in Sources */ = {isa = PBXBuildFile; fileRef = 7F326FC826C1EF6200574CC3 /* QuantityTextField.swift */; };
		7F45D57F26A7BFDF004CAB48 /* KeyboardHandler.swift in Sources */ = {isa = PBXBuildFile; fileRef = 7F45D57E26A7BFDF004CAB48 /* KeyboardHandler.swift */; };
		7F4AA1AC26ADF26500B12E0D /* LargeTextEditor.swift in Sources */ = {isa = PBXBuildFile; fileRef = 7F4AA1AB26ADF26500B12E0D /* LargeTextEditor.swift */; };
		7F4CB2B726818D0E003F0D06 /* PocketBaristaApp.swift in Sources */ = {isa = PBXBuildFile; fileRef = 7F4CB2B626818D0E003F0D06 /* PocketBaristaApp.swift */; };
		7F4CB2BB26818D0F003F0D06 /* Assets.xcassets in Resources */ = {isa = PBXBuildFile; fileRef = 7F4CB2BA26818D0F003F0D06 /* Assets.xcassets */; };
		7F4CB2BE26818D0F003F0D06 /* Preview Assets.xcassets in Resources */ = {isa = PBXBuildFile; fileRef = 7F4CB2BD26818D0F003F0D06 /* Preview Assets.xcassets */; };
		7F4CB2C826818DCD003F0D06 /* AppTabView.swift in Sources */ = {isa = PBXBuildFile; fileRef = 7F4CB2C726818DCD003F0D06 /* AppTabView.swift */; };
		7F4CB2D02681925C003F0D06 /* Constants.swift in Sources */ = {isa = PBXBuildFile; fileRef = 7F4CB2CF2681925C003F0D06 /* Constants.swift */; };
		7F4CB2D326819789003F0D06 /* FavoritesView.swift in Sources */ = {isa = PBXBuildFile; fileRef = 7F4CB2D226819789003F0D06 /* FavoritesView.swift */; };
		7F79F1CC2686BCC2000BD6B4 /* RatingSelectionView.swift in Sources */ = {isa = PBXBuildFile; fileRef = 7F79F1CB2686BCC2000BD6B4 /* RatingSelectionView.swift */; };
		7F79F1CE2686C588000BD6B4 /* CoffeeBeanView.swift in Sources */ = {isa = PBXBuildFile; fileRef = 7F79F1CD2686C588000BD6B4 /* CoffeeBeanView.swift */; };
		7F79F1D12686C5DF000BD6B4 /* CoffeeBeanViewModel.swift in Sources */ = {isa = PBXBuildFile; fileRef = 7F79F1D02686C5DF000BD6B4 /* CoffeeBeanViewModel.swift */; };
		7F99077726AE59EC00E6FC33 /* Main.xcdatamodeld in Sources */ = {isa = PBXBuildFile; fileRef = 7FF45F8E268AC4D600E93D25 /* Main.xcdatamodeld */; };
		7F9D57DC26AE572700B8B119 /* PBCoffee+CoreDataClass.swift in Sources */ = {isa = PBXBuildFile; fileRef = 7F9D57DA26AE572700B8B119 /* PBCoffee+CoreDataClass.swift */; };
		7F9D57DD26AE572700B8B119 /* PBCoffee+CoreDataProperties.swift in Sources */ = {isa = PBXBuildFile; fileRef = 7F9D57DB26AE572700B8B119 /* PBCoffee+CoreDataProperties.swift */; };
		7FA4861526AE5478001E1D03 /* Date+Ext.swift in Sources */ = {isa = PBXBuildFile; fileRef = 7FA4861426AE5478001E1D03 /* Date+Ext.swift */; };
		7FC2E8AF26A4EA2100670480 /* Color+Ext.swift in Sources */ = {isa = PBXBuildFile; fileRef = 7FC2E8AE26A4EA2100670480 /* Color+Ext.swift */; };
		7FC47EB42693B33F006AAA1E /* PhotoPicker.swift in Sources */ = {isa = PBXBuildFile; fileRef = 7FC47EB32693B33F006AAA1E /* PhotoPicker.swift */; };
		7FC9D64F26B107FB0066CBD1 /* RatingDisplayView.swift in Sources */ = {isa = PBXBuildFile; fileRef = 7FC9D64E26B107FB0066CBD1 /* RatingDisplayView.swift */; };
		7FC9D65226B125D20066CBD1 /* HomeView.swift in Sources */ = {isa = PBXBuildFile; fileRef = 7FC9D65126B125D20066CBD1 /* HomeView.swift */; };
		7FCB2048269EA00600968EDB /* SettingsView.swift in Sources */ = {isa = PBXBuildFile; fileRef = 7FCB2047269EA00600968EDB /* SettingsView.swift */; };
		7FCB204D26A10DCB00968EDB /* SettingsViewModel.swift in Sources */ = {isa = PBXBuildFile; fileRef = 7FCB204C26A10DCA00968EDB /* SettingsViewModel.swift */; };
		7FCB204F26A10E5900968EDB /* UserDefaultsManager.swift in Sources */ = {isa = PBXBuildFile; fileRef = 7FCB204E26A10E5900968EDB /* UserDefaultsManager.swift */; };
		7FCB205126A20A3000968EDB /* SearchField.swift in Sources */ = {isa = PBXBuildFile; fileRef = 7FCB205026A20A3000968EDB /* SearchField.swift */; };
		7FCB205326A2216200968EDB /* SelectCoffeeView.swift in Sources */ = {isa = PBXBuildFile; fileRef = 7FCB205226A2216200968EDB /* SelectCoffeeView.swift */; };
		7FCB205626A2219A00968EDB /* SelectCoffeeViewModel.swift in Sources */ = {isa = PBXBuildFile; fileRef = 7FCB205526A2219A00968EDB /* SelectCoffeeViewModel.swift */; };
		7FCB40A1268D65C900785B6C /* CreateRoasterView.swift in Sources */ = {isa = PBXBuildFile; fileRef = 7FCB40A0268D65C900785B6C /* CreateRoasterView.swift */; };
		7FCB40A3268D660200785B6C /* CreateRoasterViewModel.swift in Sources */ = {isa = PBXBuildFile; fileRef = 7FCB40A2268D660200785B6C /* CreateRoasterViewModel.swift */; };
		7FD340F026AE407B0057293D /* BrewLogsView.swift in Sources */ = {isa = PBXBuildFile; fileRef = 7FD340EF26AE407B0057293D /* BrewLogsView.swift */; };
		7FD340F226AE408B0057293D /* BrewLogsViewModel.swift in Sources */ = {isa = PBXBuildFile; fileRef = 7FD340F126AE408B0057293D /* BrewLogsViewModel.swift */; };
		7FD4338C26B2558E008072AB /* BrewQuantityView.swift in Sources */ = {isa = PBXBuildFile; fileRef = 7FD4338B26B2558E008072AB /* BrewQuantityView.swift */; };
		7FD4338E26B256B2008072AB /* BrewStepsViewModel.swift in Sources */ = {isa = PBXBuildFile; fileRef = 7FD4338D26B256B2008072AB /* BrewStepsViewModel.swift */; };
		7FD4339026B25874008072AB /* BrewStrengthView.swift in Sources */ = {isa = PBXBuildFile; fileRef = 7FD4338F26B25874008072AB /* BrewStrengthView.swift */; };
		7FDDCB3726B8F98900F8E780 /* OnboardView.swift in Sources */ = {isa = PBXBuildFile; fileRef = 7FDDCB3626B8F98900F8E780 /* OnboardView.swift */; };
		7FEC221226963959007466D7 /* spotlight120.png in Resources */ = {isa = PBXBuildFile; fileRef = 7FEC21F826963958007466D7 /* spotlight120.png */; };
		7FEC221326963959007466D7 /* ipad76.png in Resources */ = {isa = PBXBuildFile; fileRef = 7FEC21F926963958007466D7 /* ipad76.png */; };
		7FEC221426963959007466D7 /* notification40.png in Resources */ = {isa = PBXBuildFile; fileRef = 7FEC21FA26963958007466D7 /* notification40.png */; };
		7FEC221526963959007466D7 /* settings87.png in Resources */ = {isa = PBXBuildFile; fileRef = 7FEC21FB26963958007466D7 /* settings87.png */; };
		7FEC221626963959007466D7 /* spotlight80.png in Resources */ = {isa = PBXBuildFile; fileRef = 7FEC21FC26963958007466D7 /* spotlight80.png */; };
		7FEC221726963959007466D7 /* mac16.png in Resources */ = {isa = PBXBuildFile; fileRef = 7FEC21FD26963958007466D7 /* mac16.png */; };
		7FEC221826963959007466D7 /* mac64.png in Resources */ = {isa = PBXBuildFile; fileRef = 7FEC21FE26963958007466D7 /* mac64.png */; };
		7FEC221926963959007466D7 /* ipadPro167.png in Resources */ = {isa = PBXBuildFile; fileRef = 7FEC21FF26963958007466D7 /* ipadPro167.png */; };
		7FEC221A26963959007466D7 /* ipad152.png in Resources */ = {isa = PBXBuildFile; fileRef = 7FEC220026963958007466D7 /* ipad152.png */; };
		7FEC221B26963959007466D7 /* mac256.png in Resources */ = {isa = PBXBuildFile; fileRef = 7FEC220126963958007466D7 /* mac256.png */; };
		7FEC221C26963959007466D7 /* ipadSettings29.png in Resources */ = {isa = PBXBuildFile; fileRef = 7FEC220226963958007466D7 /* ipadSettings29.png */; };
		7FEC221D26963959007466D7 /* mac1024.png in Resources */ = {isa = PBXBuildFile; fileRef = 7FEC220326963958007466D7 /* mac1024.png */; };
		7FEC221E26963959007466D7 /* mac128.png in Resources */ = {isa = PBXBuildFile; fileRef = 7FEC220426963958007466D7 /* mac128.png */; };
		7FEC221F26963959007466D7 /* iphone120.png in Resources */ = {isa = PBXBuildFile; fileRef = 7FEC220526963958007466D7 /* iphone120.png */; };
		7FEC222026963959007466D7 /* Contents.json in Resources */ = {isa = PBXBuildFile; fileRef = 7FEC220626963958007466D7 /* Contents.json */; };
		7FEC222126963959007466D7 /* ipadNotification20.png in Resources */ = {isa = PBXBuildFile; fileRef = 7FEC220726963958007466D7 /* ipadNotification20.png */; };
		7FEC222226963959007466D7 /* mac512.png in Resources */ = {isa = PBXBuildFile; fileRef = 7FEC220826963958007466D7 /* mac512.png */; };
		7FEC222326963959007466D7 /* ipadSpotlight40.png in Resources */ = {isa = PBXBuildFile; fileRef = 7FEC220926963958007466D7 /* ipadSpotlight40.png */; };
		7FEC222426963959007466D7 /* mac32.png in Resources */ = {isa = PBXBuildFile; fileRef = 7FEC220A26963958007466D7 /* mac32.png */; };
		7FEC222526963959007466D7 /* notification60.png in Resources */ = {isa = PBXBuildFile; fileRef = 7FEC220B26963958007466D7 /* notification60.png */; };
		7FEC222626963959007466D7 /* ipadSpotlight80.png in Resources */ = {isa = PBXBuildFile; fileRef = 7FEC220C26963958007466D7 /* ipadSpotlight80.png */; };
		7FEC222726963959007466D7 /* settings58.png in Resources */ = {isa = PBXBuildFile; fileRef = 7FEC220D26963958007466D7 /* settings58.png */; };
		7FEC222826963959007466D7 /* iphone180.png in Resources */ = {isa = PBXBuildFile; fileRef = 7FEC220E26963958007466D7 /* iphone180.png */; };
		7FEC222926963959007466D7 /* appstore1024.png in Resources */ = {isa = PBXBuildFile; fileRef = 7FEC220F26963958007466D7 /* appstore1024.png */; };
		7FEC222A26963959007466D7 /* ipadSettings58.png in Resources */ = {isa = PBXBuildFile; fileRef = 7FEC221026963958007466D7 /* ipadSettings58.png */; };
		7FEC222B26963959007466D7 /* ipadNotification40.png in Resources */ = {isa = PBXBuildFile; fileRef = 7FEC221126963958007466D7 /* ipadNotification40.png */; };
		7FEC222E2696A146007466D7 /* SelectTagsView.swift in Sources */ = {isa = PBXBuildFile; fileRef = 7FEC222D2696A146007466D7 /* SelectTagsView.swift */; };
		7FEC22302696A2A8007466D7 /* SelectTagsViewModel.swift in Sources */ = {isa = PBXBuildFile; fileRef = 7FEC222F2696A2A8007466D7 /* SelectTagsViewModel.swift */; };
		7FF45F8D268AC3EA00E93D25 /* CoreDataManager.swift in Sources */ = {isa = PBXBuildFile; fileRef = 7FF45F8C268AC3EA00E93D25 /* CoreDataManager.swift */; };
		7FF45F92268ACF7600E93D25 /* FavoritesViewModel.swift in Sources */ = {isa = PBXBuildFile; fileRef = 7FF45F91268ACF7600E93D25 /* FavoritesViewModel.swift */; };
		7FFC36A126B4DB1400AEB073 /* StrengthSelectionView.swift in Sources */ = {isa = PBXBuildFile; fileRef = 7FFC36A026B4DB1400AEB073 /* StrengthSelectionView.swift */; };
		7FFC36A526B4DFAC00AEB073 /* DismissButton.swift in Sources */ = {isa = PBXBuildFile; fileRef = 7FFC36A426B4DFAC00AEB073 /* DismissButton.swift */; };
		7FFC36A726B5D32A00AEB073 /* BrewRequiredSummaryView.swift in Sources */ = {isa = PBXBuildFile; fileRef = 7FFC36A626B5D32A00AEB073 /* BrewRequiredSummaryView.swift */; };
		7FFCF8B226840B9F00041FA5 /* Float+Ext.swift in Sources */ = {isa = PBXBuildFile; fileRef = 7FFCF8B126840B9F00041FA5 /* Float+Ext.swift */; };
		7FFCF8B42684300F00041FA5 /* MeasurementSelectionView.swift in Sources */ = {isa = PBXBuildFile; fileRef = 7FFCF8B32684300F00041FA5 /* MeasurementSelectionView.swift */; };
		7FFCF8BA2684371300041FA5 /* LogBrewView.swift in Sources */ = {isa = PBXBuildFile; fileRef = 7FFCF8B92684371300041FA5 /* LogBrewView.swift */; };
		7FFCF8BC26854A1700041FA5 /* View+Ext.swift in Sources */ = {isa = PBXBuildFile; fileRef = 7FFCF8BB26854A1700041FA5 /* View+Ext.swift */; };
		7FFCF8C02686B83E00041FA5 /* LogBrewViewModel.swift in Sources */ = {isa = PBXBuildFile; fileRef = 7FFCF8BF2686B83E00041FA5 /* LogBrewViewModel.swift */; };
/* End PBXBuildFile section */

/* Begin PBXFileReference section */
		7F326FC826C1EF6200574CC3 /* QuantityTextField.swift */ = {isa = PBXFileReference; lastKnownFileType = sourcecode.swift; path = QuantityTextField.swift; sourceTree = "<group>"; };
		7F45D57E26A7BFDF004CAB48 /* KeyboardHandler.swift */ = {isa = PBXFileReference; lastKnownFileType = sourcecode.swift; path = KeyboardHandler.swift; sourceTree = "<group>"; };
		7F4AA1AB26ADF26500B12E0D /* LargeTextEditor.swift */ = {isa = PBXFileReference; lastKnownFileType = sourcecode.swift; path = LargeTextEditor.swift; sourceTree = "<group>"; };
		7F4CB2B326818D0E003F0D06 /* PocketBarista.app */ = {isa = PBXFileReference; explicitFileType = wrapper.application; includeInIndex = 0; path = PocketBarista.app; sourceTree = BUILT_PRODUCTS_DIR; };
		7F4CB2B626818D0E003F0D06 /* PocketBaristaApp.swift */ = {isa = PBXFileReference; lastKnownFileType = sourcecode.swift; path = PocketBaristaApp.swift; sourceTree = "<group>"; };
		7F4CB2BA26818D0F003F0D06 /* Assets.xcassets */ = {isa = PBXFileReference; lastKnownFileType = folder.assetcatalog; path = Assets.xcassets; sourceTree = "<group>"; };
		7F4CB2BD26818D0F003F0D06 /* Preview Assets.xcassets */ = {isa = PBXFileReference; lastKnownFileType = folder.assetcatalog; path = "Preview Assets.xcassets"; sourceTree = "<group>"; };
		7F4CB2BF26818D0F003F0D06 /* Info.plist */ = {isa = PBXFileReference; lastKnownFileType = text.plist.xml; path = Info.plist; sourceTree = "<group>"; };
		7F4CB2C726818DCD003F0D06 /* AppTabView.swift */ = {isa = PBXFileReference; lastKnownFileType = sourcecode.swift; path = AppTabView.swift; sourceTree = "<group>"; };
		7F4CB2CF2681925C003F0D06 /* Constants.swift */ = {isa = PBXFileReference; lastKnownFileType = sourcecode.swift; path = Constants.swift; sourceTree = "<group>"; };
		7F4CB2D226819789003F0D06 /* FavoritesView.swift */ = {isa = PBXFileReference; lastKnownFileType = sourcecode.swift; path = FavoritesView.swift; sourceTree = "<group>"; };
		7F79F1CB2686BCC2000BD6B4 /* RatingSelectionView.swift */ = {isa = PBXFileReference; lastKnownFileType = sourcecode.swift; path = RatingSelectionView.swift; sourceTree = "<group>"; };
		7F79F1CD2686C588000BD6B4 /* CoffeeBeanView.swift */ = {isa = PBXFileReference; lastKnownFileType = sourcecode.swift; path = CoffeeBeanView.swift; sourceTree = "<group>"; };
		7F79F1D02686C5DF000BD6B4 /* CoffeeBeanViewModel.swift */ = {isa = PBXFileReference; lastKnownFileType = sourcecode.swift; path = CoffeeBeanViewModel.swift; sourceTree = "<group>"; };
		7F9D57DA26AE572700B8B119 /* PBCoffee+CoreDataClass.swift */ = {isa = PBXFileReference; lastKnownFileType = sourcecode.swift; path = "PBCoffee+CoreDataClass.swift"; sourceTree = "<group>"; };
		7F9D57DB26AE572700B8B119 /* PBCoffee+CoreDataProperties.swift */ = {isa = PBXFileReference; lastKnownFileType = sourcecode.swift; path = "PBCoffee+CoreDataProperties.swift"; sourceTree = "<group>"; };
		7FA4861426AE5478001E1D03 /* Date+Ext.swift */ = {isa = PBXFileReference; lastKnownFileType = sourcecode.swift; path = "Date+Ext.swift"; sourceTree = "<group>"; };
		7FC2E8AE26A4EA2100670480 /* Color+Ext.swift */ = {isa = PBXFileReference; lastKnownFileType = sourcecode.swift; path = "Color+Ext.swift"; sourceTree = "<group>"; };
		7FC47EB32693B33F006AAA1E /* PhotoPicker.swift */ = {isa = PBXFileReference; lastKnownFileType = sourcecode.swift; path = PhotoPicker.swift; sourceTree = "<group>"; };
		7FC9D64E26B107FB0066CBD1 /* RatingDisplayView.swift */ = {isa = PBXFileReference; lastKnownFileType = sourcecode.swift; path = RatingDisplayView.swift; sourceTree = "<group>"; };
		7FC9D65126B125D20066CBD1 /* HomeView.swift */ = {isa = PBXFileReference; lastKnownFileType = sourcecode.swift; path = HomeView.swift; sourceTree = "<group>"; };
		7FCB2047269EA00600968EDB /* SettingsView.swift */ = {isa = PBXFileReference; lastKnownFileType = sourcecode.swift; path = SettingsView.swift; sourceTree = "<group>"; };
		7FCB204C26A10DCA00968EDB /* SettingsViewModel.swift */ = {isa = PBXFileReference; lastKnownFileType = sourcecode.swift; path = SettingsViewModel.swift; sourceTree = "<group>"; };
		7FCB204E26A10E5900968EDB /* UserDefaultsManager.swift */ = {isa = PBXFileReference; lastKnownFileType = sourcecode.swift; path = UserDefaultsManager.swift; sourceTree = "<group>"; };
		7FCB205026A20A3000968EDB /* SearchField.swift */ = {isa = PBXFileReference; lastKnownFileType = sourcecode.swift; path = SearchField.swift; sourceTree = "<group>"; };
		7FCB205226A2216200968EDB /* SelectCoffeeView.swift */ = {isa = PBXFileReference; lastKnownFileType = sourcecode.swift; path = SelectCoffeeView.swift; sourceTree = "<group>"; };
		7FCB205526A2219A00968EDB /* SelectCoffeeViewModel.swift */ = {isa = PBXFileReference; lastKnownFileType = sourcecode.swift; path = SelectCoffeeViewModel.swift; sourceTree = "<group>"; };
		7FCB40A0268D65C900785B6C /* CreateRoasterView.swift */ = {isa = PBXFileReference; lastKnownFileType = sourcecode.swift; path = CreateRoasterView.swift; sourceTree = "<group>"; };
		7FCB40A2268D660200785B6C /* CreateRoasterViewModel.swift */ = {isa = PBXFileReference; lastKnownFileType = sourcecode.swift; path = CreateRoasterViewModel.swift; sourceTree = "<group>"; };
		7FD340EF26AE407B0057293D /* BrewLogsView.swift */ = {isa = PBXFileReference; lastKnownFileType = sourcecode.swift; path = BrewLogsView.swift; sourceTree = "<group>"; };
		7FD340F126AE408B0057293D /* BrewLogsViewModel.swift */ = {isa = PBXFileReference; lastKnownFileType = sourcecode.swift; path = BrewLogsViewModel.swift; sourceTree = "<group>"; };
		7FD4338B26B2558E008072AB /* BrewQuantityView.swift */ = {isa = PBXFileReference; lastKnownFileType = sourcecode.swift; path = BrewQuantityView.swift; sourceTree = "<group>"; };
		7FD4338D26B256B2008072AB /* BrewStepsViewModel.swift */ = {isa = PBXFileReference; lastKnownFileType = sourcecode.swift; path = BrewStepsViewModel.swift; sourceTree = "<group>"; };
		7FD4338F26B25874008072AB /* BrewStrengthView.swift */ = {isa = PBXFileReference; lastKnownFileType = sourcecode.swift; path = BrewStrengthView.swift; sourceTree = "<group>"; };
		7FDDCB3626B8F98900F8E780 /* OnboardView.swift */ = {isa = PBXFileReference; lastKnownFileType = sourcecode.swift; path = OnboardView.swift; sourceTree = "<group>"; };
		7FEC21F826963958007466D7 /* spotlight120.png */ = {isa = PBXFileReference; lastKnownFileType = image.png; path = spotlight120.png; sourceTree = "<group>"; };
		7FEC21F926963958007466D7 /* ipad76.png */ = {isa = PBXFileReference; lastKnownFileType = image.png; path = ipad76.png; sourceTree = "<group>"; };
		7FEC21FA26963958007466D7 /* notification40.png */ = {isa = PBXFileReference; lastKnownFileType = image.png; path = notification40.png; sourceTree = "<group>"; };
		7FEC21FB26963958007466D7 /* settings87.png */ = {isa = PBXFileReference; lastKnownFileType = image.png; path = settings87.png; sourceTree = "<group>"; };
		7FEC21FC26963958007466D7 /* spotlight80.png */ = {isa = PBXFileReference; lastKnownFileType = image.png; path = spotlight80.png; sourceTree = "<group>"; };
		7FEC21FD26963958007466D7 /* mac16.png */ = {isa = PBXFileReference; lastKnownFileType = image.png; path = mac16.png; sourceTree = "<group>"; };
		7FEC21FE26963958007466D7 /* mac64.png */ = {isa = PBXFileReference; lastKnownFileType = image.png; path = mac64.png; sourceTree = "<group>"; };
		7FEC21FF26963958007466D7 /* ipadPro167.png */ = {isa = PBXFileReference; lastKnownFileType = image.png; path = ipadPro167.png; sourceTree = "<group>"; };
		7FEC220026963958007466D7 /* ipad152.png */ = {isa = PBXFileReference; lastKnownFileType = image.png; path = ipad152.png; sourceTree = "<group>"; };
		7FEC220126963958007466D7 /* mac256.png */ = {isa = PBXFileReference; lastKnownFileType = image.png; path = mac256.png; sourceTree = "<group>"; };
		7FEC220226963958007466D7 /* ipadSettings29.png */ = {isa = PBXFileReference; lastKnownFileType = image.png; path = ipadSettings29.png; sourceTree = "<group>"; };
		7FEC220326963958007466D7 /* mac1024.png */ = {isa = PBXFileReference; lastKnownFileType = image.png; path = mac1024.png; sourceTree = "<group>"; };
		7FEC220426963958007466D7 /* mac128.png */ = {isa = PBXFileReference; lastKnownFileType = image.png; path = mac128.png; sourceTree = "<group>"; };
		7FEC220526963958007466D7 /* iphone120.png */ = {isa = PBXFileReference; lastKnownFileType = image.png; path = iphone120.png; sourceTree = "<group>"; };
		7FEC220626963958007466D7 /* Contents.json */ = {isa = PBXFileReference; fileEncoding = 4; lastKnownFileType = text.json; path = Contents.json; sourceTree = "<group>"; };
		7FEC220726963958007466D7 /* ipadNotification20.png */ = {isa = PBXFileReference; lastKnownFileType = image.png; path = ipadNotification20.png; sourceTree = "<group>"; };
		7FEC220826963958007466D7 /* mac512.png */ = {isa = PBXFileReference; lastKnownFileType = image.png; path = mac512.png; sourceTree = "<group>"; };
		7FEC220926963958007466D7 /* ipadSpotlight40.png */ = {isa = PBXFileReference; lastKnownFileType = image.png; path = ipadSpotlight40.png; sourceTree = "<group>"; };
		7FEC220A26963958007466D7 /* mac32.png */ = {isa = PBXFileReference; lastKnownFileType = image.png; path = mac32.png; sourceTree = "<group>"; };
		7FEC220B26963958007466D7 /* notification60.png */ = {isa = PBXFileReference; lastKnownFileType = image.png; path = notification60.png; sourceTree = "<group>"; };
		7FEC220C26963958007466D7 /* ipadSpotlight80.png */ = {isa = PBXFileReference; lastKnownFileType = image.png; path = ipadSpotlight80.png; sourceTree = "<group>"; };
		7FEC220D26963958007466D7 /* settings58.png */ = {isa = PBXFileReference; lastKnownFileType = image.png; path = settings58.png; sourceTree = "<group>"; };
		7FEC220E26963958007466D7 /* iphone180.png */ = {isa = PBXFileReference; lastKnownFileType = image.png; path = iphone180.png; sourceTree = "<group>"; };
		7FEC220F26963958007466D7 /* appstore1024.png */ = {isa = PBXFileReference; lastKnownFileType = image.png; path = appstore1024.png; sourceTree = "<group>"; };
		7FEC221026963958007466D7 /* ipadSettings58.png */ = {isa = PBXFileReference; lastKnownFileType = image.png; path = ipadSettings58.png; sourceTree = "<group>"; };
		7FEC221126963958007466D7 /* ipadNotification40.png */ = {isa = PBXFileReference; lastKnownFileType = image.png; path = ipadNotification40.png; sourceTree = "<group>"; };
		7FEC222D2696A146007466D7 /* SelectTagsView.swift */ = {isa = PBXFileReference; lastKnownFileType = sourcecode.swift; path = SelectTagsView.swift; sourceTree = "<group>"; };
		7FEC222F2696A2A8007466D7 /* SelectTagsViewModel.swift */ = {isa = PBXFileReference; lastKnownFileType = sourcecode.swift; path = SelectTagsViewModel.swift; sourceTree = "<group>"; };
		7FF45F8C268AC3EA00E93D25 /* CoreDataManager.swift */ = {isa = PBXFileReference; lastKnownFileType = sourcecode.swift; path = CoreDataManager.swift; sourceTree = "<group>"; };
		7FF45F8F268AC4D600E93D25 /* Main.xcdatamodel */ = {isa = PBXFileReference; lastKnownFileType = wrapper.xcdatamodel; path = Main.xcdatamodel; sourceTree = "<group>"; };
		7FF45F91268ACF7600E93D25 /* FavoritesViewModel.swift */ = {isa = PBXFileReference; lastKnownFileType = sourcecode.swift; path = FavoritesViewModel.swift; sourceTree = "<group>"; };
		7FFC36A026B4DB1400AEB073 /* StrengthSelectionView.swift */ = {isa = PBXFileReference; lastKnownFileType = sourcecode.swift; path = StrengthSelectionView.swift; sourceTree = "<group>"; };
		7FFC36A426B4DFAC00AEB073 /* DismissButton.swift */ = {isa = PBXFileReference; lastKnownFileType = sourcecode.swift; path = DismissButton.swift; sourceTree = "<group>"; };
		7FFC36A626B5D32A00AEB073 /* BrewRequiredSummaryView.swift */ = {isa = PBXFileReference; lastKnownFileType = sourcecode.swift; path = BrewRequiredSummaryView.swift; sourceTree = "<group>"; };
		7FFCF8B126840B9F00041FA5 /* Float+Ext.swift */ = {isa = PBXFileReference; lastKnownFileType = sourcecode.swift; path = "Float+Ext.swift"; sourceTree = "<group>"; };
		7FFCF8B32684300F00041FA5 /* MeasurementSelectionView.swift */ = {isa = PBXFileReference; lastKnownFileType = sourcecode.swift; path = MeasurementSelectionView.swift; sourceTree = "<group>"; };
		7FFCF8B92684371300041FA5 /* LogBrewView.swift */ = {isa = PBXFileReference; lastKnownFileType = sourcecode.swift; path = LogBrewView.swift; sourceTree = "<group>"; };
		7FFCF8BB26854A1700041FA5 /* View+Ext.swift */ = {isa = PBXFileReference; lastKnownFileType = sourcecode.swift; path = "View+Ext.swift"; sourceTree = "<group>"; };
		7FFCF8BF2686B83E00041FA5 /* LogBrewViewModel.swift */ = {isa = PBXFileReference; lastKnownFileType = sourcecode.swift; path = LogBrewViewModel.swift; sourceTree = "<group>"; };
/* End PBXFileReference section */

/* Begin PBXFrameworksBuildPhase section */
		7F4CB2B026818D0E003F0D06 /* Frameworks */ = {
			isa = PBXFrameworksBuildPhase;
			buildActionMask = 2147483647;
			files = (
			);
			runOnlyForDeploymentPostprocessing = 0;
		};
/* End PBXFrameworksBuildPhase section */

/* Begin PBXGroup section */
		7F4CB2AA26818D0E003F0D06 = {
			isa = PBXGroup;
			children = (
				7F4CB2B526818D0E003F0D06 /* PocketBarista */,
				7F4CB2B426818D0E003F0D06 /* Products */,
			);
			sourceTree = "<group>";
		};
		7F4CB2B426818D0E003F0D06 /* Products */ = {
			isa = PBXGroup;
			children = (
				7F4CB2B326818D0E003F0D06 /* PocketBarista.app */,
			);
			name = Products;
			sourceTree = "<group>";
		};
		7F4CB2B526818D0E003F0D06 /* PocketBarista */ = {
			isa = PBXGroup;
			children = (
				7F4CB2CE2681924A003F0D06 /* Utilities */,
				7F4CB2C526818D49003F0D06 /* Views */,
				7F4CB2B626818D0E003F0D06 /* PocketBaristaApp.swift */,
				7F4CB2BA26818D0F003F0D06 /* Assets.xcassets */,
				7F4CB2BF26818D0F003F0D06 /* Info.plist */,
				7F4CB2BC26818D0F003F0D06 /* Preview Content */,
				7FF45F8E268AC4D600E93D25 /* Main.xcdatamodeld */,
			);
			path = PocketBarista;
			sourceTree = "<group>";
		};
		7F4CB2BC26818D0F003F0D06 /* Preview Content */ = {
			isa = PBXGroup;
			children = (
				7F4CB2BD26818D0F003F0D06 /* Preview Assets.xcassets */,
			);
			path = "Preview Content";
			sourceTree = "<group>";
		};
		7F4CB2C526818D49003F0D06 /* Views */ = {
			isa = PBXGroup;
			children = (
				7F4CB2C726818DCD003F0D06 /* AppTabView.swift */,
				7FFCF8B52684320700041FA5 /* CustomViews */,
				7F4CB2C626818D52003F0D06 /* Screens */,
				7FDDCB3626B8F98900F8E780 /* OnboardView.swift */,
				7F326FC826C1EF6200574CC3 /* QuantityTextField.swift */,
			);
			path = Views;
			sourceTree = "<group>";
		};
		7F4CB2C626818D52003F0D06 /* Screens */ = {
			isa = PBXGroup;
			children = (
				7FD4338A26B25559008072AB /* BrewStepViews */,
				7FC9D65026B125B90066CBD1 /* HomeView */,
				7FEC222C2696A135007466D7 /* SelectTagsView */,
				7FCB409F268D65BA00785B6C /* CreateRoasterView */,
				7F79F1CF2686C5A3000BD6B4 /* CoffeeBeanView */,
				7FFCF8B82684370700041FA5 /* LogBrewView */,
				7FCB205426A2217D00968EDB /* SelectCoffeeView */,
				7FD340EE26AE40680057293D /* BrewLogsView */,
				7F4CB2D426819793003F0D06 /* FavoritesView */,
				7FCB2046269E9FE700968EDB /* SettingsView */,
			);
			path = Screens;
			sourceTree = "<group>";
		};
		7F4CB2CE2681924A003F0D06 /* Utilities */ = {
			isa = PBXGroup;
			children = (
				7FF45F8B268AC3CA00E93D25 /* Managers */,
				7FFCF8B026840B8C00041FA5 /* Extensions */,
				7F9D57DE26AE57A200B8B119 /* CoreDataClasses */,
				7F45D57E26A7BFDF004CAB48 /* KeyboardHandler.swift */,
				7F4CB2CF2681925C003F0D06 /* Constants.swift */,
			);
			path = Utilities;
			sourceTree = "<group>";
		};
		7F4CB2D426819793003F0D06 /* FavoritesView */ = {
			isa = PBXGroup;
			children = (
				7FF45F91268ACF7600E93D25 /* FavoritesViewModel.swift */,
				7F4CB2D226819789003F0D06 /* FavoritesView.swift */,
			);
			path = FavoritesView;
			sourceTree = "<group>";
		};
		7F79F1CF2686C5A3000BD6B4 /* CoffeeBeanView */ = {
			isa = PBXGroup;
			children = (
				7F79F1D02686C5DF000BD6B4 /* CoffeeBeanViewModel.swift */,
				7F79F1CD2686C588000BD6B4 /* CoffeeBeanView.swift */,
			);
			path = CoffeeBeanView;
			sourceTree = "<group>";
		};
		7F9D57DE26AE57A200B8B119 /* CoreDataClasses */ = {
			isa = PBXGroup;
			children = (
				7F9D57DB26AE572700B8B119 /* PBCoffee+CoreDataProperties.swift */,
				7F9D57DA26AE572700B8B119 /* PBCoffee+CoreDataClass.swift */,
			);
			path = CoreDataClasses;
			sourceTree = "<group>";
		};
		7FC47EB22693B230006AAA1E /* UIKit Components */ = {
			isa = PBXGroup;
			children = (
				7FC47EB32693B33F006AAA1E /* PhotoPicker.swift */,
				7FEC21F726963958007466D7 /* AppIcon.appiconset */,
			);
			path = "UIKit Components";
			sourceTree = "<group>";
		};
		7FC9D65026B125B90066CBD1 /* HomeView */ = {
			isa = PBXGroup;
			children = (
				7FC9D65126B125D20066CBD1 /* HomeView.swift */,
			);
			path = HomeView;
			sourceTree = "<group>";
		};
		7FCB2046269E9FE700968EDB /* SettingsView */ = {
			isa = PBXGroup;
			children = (
				7FCB204C26A10DCA00968EDB /* SettingsViewModel.swift */,
				7FCB2047269EA00600968EDB /* SettingsView.swift */,
			);
			path = SettingsView;
			sourceTree = "<group>";
		};
		7FCB205426A2217D00968EDB /* SelectCoffeeView */ = {
			isa = PBXGroup;
			children = (
				7FCB205526A2219A00968EDB /* SelectCoffeeViewModel.swift */,
				7FCB205226A2216200968EDB /* SelectCoffeeView.swift */,
			);
			path = SelectCoffeeView;
			sourceTree = "<group>";
		};
		7FCB409F268D65BA00785B6C /* CreateRoasterView */ = {
			isa = PBXGroup;
			children = (
				7FCB40A2268D660200785B6C /* CreateRoasterViewModel.swift */,
				7FCB40A0268D65C900785B6C /* CreateRoasterView.swift */,
			);
			path = CreateRoasterView;
			sourceTree = "<group>";
		};
		7FD340EE26AE40680057293D /* BrewLogsView */ = {
			isa = PBXGroup;
			children = (
				7FD340F126AE408B0057293D /* BrewLogsViewModel.swift */,
				7FD340EF26AE407B0057293D /* BrewLogsView.swift */,
			);
			path = BrewLogsView;
			sourceTree = "<group>";
		};
		7FD4338A26B25559008072AB /* BrewStepViews */ = {
			isa = PBXGroup;
			children = (
				7FD4338D26B256B2008072AB /* BrewStepsViewModel.swift */,
				7FD4338B26B2558E008072AB /* BrewQuantityView.swift */,
				7FD4338F26B25874008072AB /* BrewStrengthView.swift */,
				7FFC36A626B5D32A00AEB073 /* BrewRequiredSummaryView.swift */,
				7FFCF8B32684300F00041FA5 /* MeasurementSelectionView.swift */,
				7FFC36A026B4DB1400AEB073 /* StrengthSelectionView.swift */,
			);
			path = BrewStepViews;
			sourceTree = "<group>";
		};
		7FEC21F726963958007466D7 /* AppIcon.appiconset */ = {
			isa = PBXGroup;
			children = (
				7FEC21F826963958007466D7 /* spotlight120.png */,
				7FEC21F926963958007466D7 /* ipad76.png */,
				7FEC21FA26963958007466D7 /* notification40.png */,
				7FEC21FB26963958007466D7 /* settings87.png */,
				7FEC21FC26963958007466D7 /* spotlight80.png */,
				7FEC21FD26963958007466D7 /* mac16.png */,
				7FEC21FE26963958007466D7 /* mac64.png */,
				7FEC21FF26963958007466D7 /* ipadPro167.png */,
				7FEC220026963958007466D7 /* ipad152.png */,
				7FEC220126963958007466D7 /* mac256.png */,
				7FEC220226963958007466D7 /* ipadSettings29.png */,
				7FEC220326963958007466D7 /* mac1024.png */,
				7FEC220426963958007466D7 /* mac128.png */,
				7FEC220526963958007466D7 /* iphone120.png */,
				7FEC220626963958007466D7 /* Contents.json */,
				7FEC220726963958007466D7 /* ipadNotification20.png */,
				7FEC220826963958007466D7 /* mac512.png */,
				7FEC220926963958007466D7 /* ipadSpotlight40.png */,
				7FEC220A26963958007466D7 /* mac32.png */,
				7FEC220B26963958007466D7 /* notification60.png */,
				7FEC220C26963958007466D7 /* ipadSpotlight80.png */,
				7FEC220D26963958007466D7 /* settings58.png */,
				7FEC220E26963958007466D7 /* iphone180.png */,
				7FEC220F26963958007466D7 /* appstore1024.png */,
				7FEC221026963958007466D7 /* ipadSettings58.png */,
				7FEC221126963958007466D7 /* ipadNotification40.png */,
			);
			path = AppIcon.appiconset;
			sourceTree = "<group>";
		};
		7FEC222C2696A135007466D7 /* SelectTagsView */ = {
			isa = PBXGroup;
			children = (
				7FEC222F2696A2A8007466D7 /* SelectTagsViewModel.swift */,
				7FEC222D2696A146007466D7 /* SelectTagsView.swift */,
			);
			path = SelectTagsView;
			sourceTree = "<group>";
		};
		7FF45F8B268AC3CA00E93D25 /* Managers */ = {
			isa = PBXGroup;
			children = (
				7FF45F8C268AC3EA00E93D25 /* CoreDataManager.swift */,
				7FCB204E26A10E5900968EDB /* UserDefaultsManager.swift */,
			);
			path = Managers;
			sourceTree = "<group>";
		};
		7FFCF8B026840B8C00041FA5 /* Extensions */ = {
			isa = PBXGroup;
			children = (
				7FFCF8B126840B9F00041FA5 /* Float+Ext.swift */,
				7FFCF8BB26854A1700041FA5 /* View+Ext.swift */,
				7FC2E8AE26A4EA2100670480 /* Color+Ext.swift */,
				7FA4861426AE5478001E1D03 /* Date+Ext.swift */,
			);
			path = Extensions;
			sourceTree = "<group>";
		};
		7FFCF8B52684320700041FA5 /* CustomViews */ = {
			isa = PBXGroup;
			children = (
				7FC47EB22693B230006AAA1E /* UIKit Components */,
				7F79F1CB2686BCC2000BD6B4 /* RatingSelectionView.swift */,
				7FC9D64E26B107FB0066CBD1 /* RatingDisplayView.swift */,
				7FCB205026A20A3000968EDB /* SearchField.swift */,
				7F4AA1AB26ADF26500B12E0D /* LargeTextEditor.swift */,
				7FFC36A426B4DFAC00AEB073 /* DismissButton.swift */,
			);
			path = CustomViews;
			sourceTree = "<group>";
		};
		7FFCF8B82684370700041FA5 /* LogBrewView */ = {
			isa = PBXGroup;
			children = (
				7FFCF8BF2686B83E00041FA5 /* LogBrewViewModel.swift */,
				7FFCF8B92684371300041FA5 /* LogBrewView.swift */,
			);
			path = LogBrewView;
			sourceTree = "<group>";
		};
/* End PBXGroup section */

/* Begin PBXNativeTarget section */
		7F4CB2B226818D0E003F0D06 /* PocketBarista */ = {
			isa = PBXNativeTarget;
			buildConfigurationList = 7F4CB2C226818D0F003F0D06 /* Build configuration list for PBXNativeTarget "PocketBarista" */;
			buildPhases = (
				7F4CB2AF26818D0E003F0D06 /* Sources */,
				7F4CB2B026818D0E003F0D06 /* Frameworks */,
				7F4CB2B126818D0E003F0D06 /* Resources */,
				7F4CB2D126819499003F0D06 /* ShellScript */,
			);
			buildRules = (
			);
			dependencies = (
			);
			name = PocketBarista;
			productName = PocketBarista;
			productReference = 7F4CB2B326818D0E003F0D06 /* PocketBarista.app */;
			productType = "com.apple.product-type.application";
		};
/* End PBXNativeTarget section */

/* Begin PBXProject section */
		7F4CB2AB26818D0E003F0D06 /* Project object */ = {
			isa = PBXProject;
			attributes = {
				LastSwiftUpdateCheck = 1250;
				LastUpgradeCheck = 1250;
				TargetAttributes = {
					7F4CB2B226818D0E003F0D06 = {
						CreatedOnToolsVersion = 12.5;
					};
				};
			};
			buildConfigurationList = 7F4CB2AE26818D0E003F0D06 /* Build configuration list for PBXProject "PocketBarista" */;
			compatibilityVersion = "Xcode 9.3";
			developmentRegion = en;
			hasScannedForEncodings = 0;
			knownRegions = (
				en,
				Base,
			);
			mainGroup = 7F4CB2AA26818D0E003F0D06;
			productRefGroup = 7F4CB2B426818D0E003F0D06 /* Products */;
			projectDirPath = "";
			projectRoot = "";
			targets = (
				7F4CB2B226818D0E003F0D06 /* PocketBarista */,
			);
		};
/* End PBXProject section */

/* Begin PBXResourcesBuildPhase section */
		7F4CB2B126818D0E003F0D06 /* Resources */ = {
			isa = PBXResourcesBuildPhase;
			buildActionMask = 2147483647;
			files = (
				7FEC222A26963959007466D7 /* ipadSettings58.png in Resources */,
				7FEC221826963959007466D7 /* mac64.png in Resources */,
				7FEC221A26963959007466D7 /* ipad152.png in Resources */,
				7FEC222026963959007466D7 /* Contents.json in Resources */,
				7FEC221326963959007466D7 /* ipad76.png in Resources */,
				7FEC222526963959007466D7 /* notification60.png in Resources */,
				7FEC222626963959007466D7 /* ipadSpotlight80.png in Resources */,
				7FEC221B26963959007466D7 /* mac256.png in Resources */,
				7FEC221526963959007466D7 /* settings87.png in Resources */,
				7FEC222426963959007466D7 /* mac32.png in Resources */,
				7FEC222126963959007466D7 /* ipadNotification20.png in Resources */,
				7FEC221426963959007466D7 /* notification40.png in Resources */,
				7FEC221F26963959007466D7 /* iphone120.png in Resources */,
				7FEC222926963959007466D7 /* appstore1024.png in Resources */,
				7FEC222226963959007466D7 /* mac512.png in Resources */,
				7FEC222326963959007466D7 /* ipadSpotlight40.png in Resources */,
				7FEC221D26963959007466D7 /* mac1024.png in Resources */,
				7FEC222726963959007466D7 /* settings58.png in Resources */,
				7FEC221E26963959007466D7 /* mac128.png in Resources */,
				7FEC221626963959007466D7 /* spotlight80.png in Resources */,
				7FEC221726963959007466D7 /* mac16.png in Resources */,
				7F4CB2BE26818D0F003F0D06 /* Preview Assets.xcassets in Resources */,
				7FEC222B26963959007466D7 /* ipadNotification40.png in Resources */,
				7F4CB2BB26818D0F003F0D06 /* Assets.xcassets in Resources */,
				7FEC221926963959007466D7 /* ipadPro167.png in Resources */,
				7FEC222826963959007466D7 /* iphone180.png in Resources */,
				7FEC221226963959007466D7 /* spotlight120.png in Resources */,
				7FEC221C26963959007466D7 /* ipadSettings29.png in Resources */,
			);
			runOnlyForDeploymentPostprocessing = 0;
		};
/* End PBXResourcesBuildPhase section */

/* Begin PBXShellScriptBuildPhase section */
		7F4CB2D126819499003F0D06 /* ShellScript */ = {
			isa = PBXShellScriptBuildPhase;
			buildActionMask = 2147483647;
			files = (
			);
			inputFileListPaths = (
			);
			inputPaths = (
			);
			outputFileListPaths = (
			);
			outputPaths = (
			);
			runOnlyForDeploymentPostprocessing = 0;
			shellPath = /bin/sh;
			shellScript = "# Type a script or drag a script file from your workspace to insert its path.\nif which swiftlint >/dev/null; then\n  swiftlint\nelse\n  echo \"warning: SwiftLint not installed, download from https://github.com/realm/SwiftLint\"\nfi\n";
		};
/* End PBXShellScriptBuildPhase section */

/* Begin PBXSourcesBuildPhase section */
		7F4CB2AF26818D0E003F0D06 /* Sources */ = {
			isa = PBXSourcesBuildPhase;
			buildActionMask = 2147483647;
			files = (
				7F99077726AE59EC00E6FC33 /* Main.xcdatamodeld in Sources */,
				7FDDCB3726B8F98900F8E780 /* OnboardView.swift in Sources */,
				7FC2E8AF26A4EA2100670480 /* Color+Ext.swift in Sources */,
				7FCB205626A2219A00968EDB /* SelectCoffeeViewModel.swift in Sources */,
				7F4AA1AC26ADF26500B12E0D /* LargeTextEditor.swift in Sources */,
				7FCB40A1268D65C900785B6C /* CreateRoasterView.swift in Sources */,
				7FD4338E26B256B2008072AB /* BrewStepsViewModel.swift in Sources */,
				7FFCF8B42684300F00041FA5 /* MeasurementSelectionView.swift in Sources */,
				7F4CB2D02681925C003F0D06 /* Constants.swift in Sources */,
				7FEC222E2696A146007466D7 /* SelectTagsView.swift in Sources */,
				7F4CB2D326819789003F0D06 /* FavoritesView.swift in Sources */,
				7FCB205326A2216200968EDB /* SelectCoffeeView.swift in Sources */,
				7FEC22302696A2A8007466D7 /* SelectTagsViewModel.swift in Sources */,
				7FC9D64F26B107FB0066CBD1 /* RatingDisplayView.swift in Sources */,
				7FF45F8D268AC3EA00E93D25 /* CoreDataManager.swift in Sources */,
				7FFC36A726B5D32A00AEB073 /* BrewRequiredSummaryView.swift in Sources */,
				7FC9D65226B125D20066CBD1 /* HomeView.swift in Sources */,
				7F79F1CE2686C588000BD6B4 /* CoffeeBeanView.swift in Sources */,
				7F4CB2C826818DCD003F0D06 /* AppTabView.swift in Sources */,
				7FFCF8BC26854A1700041FA5 /* View+Ext.swift in Sources */,
				7FC47EB42693B33F006AAA1E /* PhotoPicker.swift in Sources */,
				7FD4338C26B2558E008072AB /* BrewQuantityView.swift in Sources */,
				7FA4861526AE5478001E1D03 /* Date+Ext.swift in Sources */,
				7FFC36A526B4DFAC00AEB073 /* DismissButton.swift in Sources */,
				7FCB2048269EA00600968EDB /* SettingsView.swift in Sources */,
				7FFCF8B226840B9F00041FA5 /* Float+Ext.swift in Sources */,
				7FCB205126A20A3000968EDB /* SearchField.swift in Sources */,
				7FFCF8BA2684371300041FA5 /* LogBrewView.swift in Sources */,
				7F4CB2B726818D0E003F0D06 /* PocketBaristaApp.swift in Sources */,
				7FFC36A126B4DB1400AEB073 /* StrengthSelectionView.swift in Sources */,
				7FD340F026AE407B0057293D /* BrewLogsView.swift in Sources */,
				7FD340F226AE408B0057293D /* BrewLogsViewModel.swift in Sources */,
				7FFCF8C02686B83E00041FA5 /* LogBrewViewModel.swift in Sources */,
				7FCB204D26A10DCB00968EDB /* SettingsViewModel.swift in Sources */,
				7F9D57DC26AE572700B8B119 /* PBCoffee+CoreDataClass.swift in Sources */,
				7F79F1D12686C5DF000BD6B4 /* CoffeeBeanViewModel.swift in Sources */,
				7FCB204F26A10E5900968EDB /* UserDefaultsManager.swift in Sources */,
				7FCB40A3268D660200785B6C /* CreateRoasterViewModel.swift in Sources */,
				7FD4339026B25874008072AB /* BrewStrengthView.swift in Sources */,
				7F79F1CC2686BCC2000BD6B4 /* RatingSelectionView.swift in Sources */,
				7F326FC926C1EF6200574CC3 /* QuantityTextField.swift in Sources */,
				7FF45F92268ACF7600E93D25 /* FavoritesViewModel.swift in Sources */,
				7F45D57F26A7BFDF004CAB48 /* KeyboardHandler.swift in Sources */,
				7F9D57DD26AE572700B8B119 /* PBCoffee+CoreDataProperties.swift in Sources */,
			);
			runOnlyForDeploymentPostprocessing = 0;
		};
/* End PBXSourcesBuildPhase section */

/* Begin XCBuildConfiguration section */
		7F4CB2C026818D0F003F0D06 /* Debug */ = {
			isa = XCBuildConfiguration;
			buildSettings = {
				ALWAYS_SEARCH_USER_PATHS = NO;
				CLANG_ANALYZER_NONNULL = YES;
				CLANG_ANALYZER_NUMBER_OBJECT_CONVERSION = YES_AGGRESSIVE;
				CLANG_CXX_LANGUAGE_STANDARD = "gnu++14";
				CLANG_CXX_LIBRARY = "libc++";
				CLANG_ENABLE_MODULES = YES;
				CLANG_ENABLE_OBJC_ARC = YES;
				CLANG_ENABLE_OBJC_WEAK = YES;
				CLANG_WARN_BLOCK_CAPTURE_AUTORELEASING = YES;
				CLANG_WARN_BOOL_CONVERSION = YES;
				CLANG_WARN_COMMA = YES;
				CLANG_WARN_CONSTANT_CONVERSION = YES;
				CLANG_WARN_DEPRECATED_OBJC_IMPLEMENTATIONS = YES;
				CLANG_WARN_DIRECT_OBJC_ISA_USAGE = YES_ERROR;
				CLANG_WARN_DOCUMENTATION_COMMENTS = YES;
				CLANG_WARN_EMPTY_BODY = YES;
				CLANG_WARN_ENUM_CONVERSION = YES;
				CLANG_WARN_INFINITE_RECURSION = YES;
				CLANG_WARN_INT_CONVERSION = YES;
				CLANG_WARN_NON_LITERAL_NULL_CONVERSION = YES;
				CLANG_WARN_OBJC_IMPLICIT_RETAIN_SELF = YES;
				CLANG_WARN_OBJC_LITERAL_CONVERSION = YES;
				CLANG_WARN_OBJC_ROOT_CLASS = YES_ERROR;
				CLANG_WARN_QUOTED_INCLUDE_IN_FRAMEWORK_HEADER = YES;
				CLANG_WARN_RANGE_LOOP_ANALYSIS = YES;
				CLANG_WARN_STRICT_PROTOTYPES = YES;
				CLANG_WARN_SUSPICIOUS_MOVE = YES;
				CLANG_WARN_UNGUARDED_AVAILABILITY = YES_AGGRESSIVE;
				CLANG_WARN_UNREACHABLE_CODE = YES;
				CLANG_WARN__DUPLICATE_METHOD_MATCH = YES;
				COPY_PHASE_STRIP = NO;
				DEBUG_INFORMATION_FORMAT = dwarf;
				ENABLE_STRICT_OBJC_MSGSEND = YES;
				ENABLE_TESTABILITY = YES;
				GCC_C_LANGUAGE_STANDARD = gnu11;
				GCC_DYNAMIC_NO_PIC = NO;
				GCC_NO_COMMON_BLOCKS = YES;
				GCC_OPTIMIZATION_LEVEL = 0;
				GCC_PREPROCESSOR_DEFINITIONS = (
					"DEBUG=1",
					"$(inherited)",
				);
				GCC_WARN_64_TO_32_BIT_CONVERSION = YES;
				GCC_WARN_ABOUT_RETURN_TYPE = YES_ERROR;
				GCC_WARN_UNDECLARED_SELECTOR = YES;
				GCC_WARN_UNINITIALIZED_AUTOS = YES_AGGRESSIVE;
				GCC_WARN_UNUSED_FUNCTION = YES;
				GCC_WARN_UNUSED_VARIABLE = YES;
				IPHONEOS_DEPLOYMENT_TARGET = 14.5;
				MTL_ENABLE_DEBUG_INFO = INCLUDE_SOURCE;
				MTL_FAST_MATH = YES;
				ONLY_ACTIVE_ARCH = YES;
				SDKROOT = iphoneos;
				SWIFT_ACTIVE_COMPILATION_CONDITIONS = DEBUG;
				SWIFT_OPTIMIZATION_LEVEL = "-Onone";
			};
			name = Debug;
		};
		7F4CB2C126818D0F003F0D06 /* Release */ = {
			isa = XCBuildConfiguration;
			buildSettings = {
				ALWAYS_SEARCH_USER_PATHS = NO;
				CLANG_ANALYZER_NONNULL = YES;
				CLANG_ANALYZER_NUMBER_OBJECT_CONVERSION = YES_AGGRESSIVE;
				CLANG_CXX_LANGUAGE_STANDARD = "gnu++14";
				CLANG_CXX_LIBRARY = "libc++";
				CLANG_ENABLE_MODULES = YES;
				CLANG_ENABLE_OBJC_ARC = YES;
				CLANG_ENABLE_OBJC_WEAK = YES;
				CLANG_WARN_BLOCK_CAPTURE_AUTORELEASING = YES;
				CLANG_WARN_BOOL_CONVERSION = YES;
				CLANG_WARN_COMMA = YES;
				CLANG_WARN_CONSTANT_CONVERSION = YES;
				CLANG_WARN_DEPRECATED_OBJC_IMPLEMENTATIONS = YES;
				CLANG_WARN_DIRECT_OBJC_ISA_USAGE = YES_ERROR;
				CLANG_WARN_DOCUMENTATION_COMMENTS = YES;
				CLANG_WARN_EMPTY_BODY = YES;
				CLANG_WARN_ENUM_CONVERSION = YES;
				CLANG_WARN_INFINITE_RECURSION = YES;
				CLANG_WARN_INT_CONVERSION = YES;
				CLANG_WARN_NON_LITERAL_NULL_CONVERSION = YES;
				CLANG_WARN_OBJC_IMPLICIT_RETAIN_SELF = YES;
				CLANG_WARN_OBJC_LITERAL_CONVERSION = YES;
				CLANG_WARN_OBJC_ROOT_CLASS = YES_ERROR;
				CLANG_WARN_QUOTED_INCLUDE_IN_FRAMEWORK_HEADER = YES;
				CLANG_WARN_RANGE_LOOP_ANALYSIS = YES;
				CLANG_WARN_STRICT_PROTOTYPES = YES;
				CLANG_WARN_SUSPICIOUS_MOVE = YES;
				CLANG_WARN_UNGUARDED_AVAILABILITY = YES_AGGRESSIVE;
				CLANG_WARN_UNREACHABLE_CODE = YES;
				CLANG_WARN__DUPLICATE_METHOD_MATCH = YES;
				COPY_PHASE_STRIP = NO;
				DEBUG_INFORMATION_FORMAT = "dwarf-with-dsym";
				ENABLE_NS_ASSERTIONS = NO;
				ENABLE_STRICT_OBJC_MSGSEND = YES;
				GCC_C_LANGUAGE_STANDARD = gnu11;
				GCC_NO_COMMON_BLOCKS = YES;
				GCC_WARN_64_TO_32_BIT_CONVERSION = YES;
				GCC_WARN_ABOUT_RETURN_TYPE = YES_ERROR;
				GCC_WARN_UNDECLARED_SELECTOR = YES;
				GCC_WARN_UNINITIALIZED_AUTOS = YES_AGGRESSIVE;
				GCC_WARN_UNUSED_FUNCTION = YES;
				GCC_WARN_UNUSED_VARIABLE = YES;
				IPHONEOS_DEPLOYMENT_TARGET = 14.5;
				MTL_ENABLE_DEBUG_INFO = NO;
				MTL_FAST_MATH = YES;
				SDKROOT = iphoneos;
				SWIFT_COMPILATION_MODE = wholemodule;
				SWIFT_OPTIMIZATION_LEVEL = "-O";
				VALIDATE_PRODUCT = YES;
			};
			name = Release;
		};
		7F4CB2C326818D0F003F0D06 /* Debug */ = {
			isa = XCBuildConfiguration;
			buildSettings = {
				ASSETCATALOG_COMPILER_APPICON_NAME = AppIcon;
				ASSETCATALOG_COMPILER_GLOBAL_ACCENT_COLOR_NAME = AccentColor;
				CODE_SIGN_STYLE = Automatic;
				DEVELOPMENT_ASSET_PATHS = "\"PocketBarista/Preview Content\"";
				DEVELOPMENT_TEAM = T24L76PMG9;
				ENABLE_PREVIEWS = YES;
				INFOPLIST_FILE = PocketBarista/Info.plist;
				IPHONEOS_DEPLOYMENT_TARGET = 14.0;
				LD_RUNPATH_SEARCH_PATHS = (
					"$(inherited)",
					"@executable_path/Frameworks",
				);
				MARKETING_VERSION = 0.1.0;
				PRODUCT_BUNDLE_IDENTIFIER = com.comedichoney.PocketBarista;
				PRODUCT_NAME = "$(TARGET_NAME)";
				SWIFT_VERSION = 5.0;
				TARGETED_DEVICE_FAMILY = "1,2";
			};
			name = Debug;
		};
		7F4CB2C426818D0F003F0D06 /* Release */ = {
			isa = XCBuildConfiguration;
			buildSettings = {
				ASSETCATALOG_COMPILER_APPICON_NAME = AppIcon;
				ASSETCATALOG_COMPILER_GLOBAL_ACCENT_COLOR_NAME = AccentColor;
				CODE_SIGN_STYLE = Automatic;
				DEVELOPMENT_ASSET_PATHS = "\"PocketBarista/Preview Content\"";
				DEVELOPMENT_TEAM = T24L76PMG9;
				ENABLE_PREVIEWS = YES;
				INFOPLIST_FILE = PocketBarista/Info.plist;
				IPHONEOS_DEPLOYMENT_TARGET = 14.0;
				LD_RUNPATH_SEARCH_PATHS = (
					"$(inherited)",
					"@executable_path/Frameworks",
				);
				MARKETING_VERSION = 0.1.0;
				PRODUCT_BUNDLE_IDENTIFIER = com.comedichoney.PocketBarista;
				PRODUCT_NAME = "$(TARGET_NAME)";
				SWIFT_VERSION = 5.0;
				TARGETED_DEVICE_FAMILY = "1,2";
			};
			name = Release;
		};
/* End XCBuildConfiguration section */

/* Begin XCConfigurationList section */
		7F4CB2AE26818D0E003F0D06 /* Build configuration list for PBXProject "PocketBarista" */ = {
			isa = XCConfigurationList;
			buildConfigurations = (
				7F4CB2C026818D0F003F0D06 /* Debug */,
				7F4CB2C126818D0F003F0D06 /* Release */,
			);
			defaultConfigurationIsVisible = 0;
			defaultConfigurationName = Release;
		};
		7F4CB2C226818D0F003F0D06 /* Build configuration list for PBXNativeTarget "PocketBarista" */ = {
			isa = XCConfigurationList;
			buildConfigurations = (
				7F4CB2C326818D0F003F0D06 /* Debug */,
				7F4CB2C426818D0F003F0D06 /* Release */,
			);
			defaultConfigurationIsVisible = 0;
			defaultConfigurationName = Release;
		};
/* End XCConfigurationList section */

/* Begin XCVersionGroup section */
		7FF45F8E268AC4D600E93D25 /* Main.xcdatamodeld */ = {
			isa = XCVersionGroup;
			children = (
				7FF45F8F268AC4D600E93D25 /* Main.xcdatamodel */,
			);
			currentVersion = 7FF45F8F268AC4D600E93D25 /* Main.xcdatamodel */;
			path = Main.xcdatamodeld;
			sourceTree = "<group>";
			versionGroupType = wrapper.xcdatamodel;
		};
/* End XCVersionGroup section */
	};
	rootObject = 7F4CB2AB26818D0E003F0D06 /* Project object */;
}
