// !$*UTF8*$!
{
	archiveVersion = 1;
	classes = {
	};
	objectVersion = 50;
	objects = {

/* Begin PBXBuildFile section */
		7F4CB2B726818D0E003F0D06 /* PocketBaristaApp.swift in Sources */ = {isa = PBXBuildFile; fileRef = 7F4CB2B626818D0E003F0D06 /* PocketBaristaApp.swift */; };
		7F4CB2BB26818D0F003F0D06 /* Assets.xcassets in Resources */ = {isa = PBXBuildFile; fileRef = 7F4CB2BA26818D0F003F0D06 /* Assets.xcassets */; };
		7F4CB2BE26818D0F003F0D06 /* Preview Assets.xcassets in Resources */ = {isa = PBXBuildFile; fileRef = 7F4CB2BD26818D0F003F0D06 /* Preview Assets.xcassets */; };
		7F4CB2C826818DCD003F0D06 /* AppTabView.swift in Sources */ = {isa = PBXBuildFile; fileRef = 7F4CB2C726818DCD003F0D06 /* AppTabView.swift */; };
		7F4CB2CD26818EC2003F0D06 /* BrewViewModel.swift in Sources */ = {isa = PBXBuildFile; fileRef = 7F4CB2CC26818EC2003F0D06 /* BrewViewModel.swift */; };
		7F4CB2D02681925C003F0D06 /* Constants.swift in Sources */ = {isa = PBXBuildFile; fileRef = 7F4CB2CF2681925C003F0D06 /* Constants.swift */; };
		7F4CB2D326819789003F0D06 /* FavoritesView.swift in Sources */ = {isa = PBXBuildFile; fileRef = 7F4CB2D226819789003F0D06 /* FavoritesView.swift */; };
		7F4CB2D62682DEA8003F0D06 /* BrewView.swift in Sources */ = {isa = PBXBuildFile; fileRef = 7F4CB2D52682DEA8003F0D06 /* BrewView.swift */; };
		7F79F1CC2686BCC2000BD6B4 /* RatingView.swift in Sources */ = {isa = PBXBuildFile; fileRef = 7F79F1CB2686BCC2000BD6B4 /* RatingView.swift */; };
		7FFCF8B226840B9F00041FA5 /* Float+Ext.swift in Sources */ = {isa = PBXBuildFile; fileRef = 7FFCF8B126840B9F00041FA5 /* Float+Ext.swift */; };
		7FFCF8B42684300F00041FA5 /* MeasurementSelectionView.swift in Sources */ = {isa = PBXBuildFile; fileRef = 7FFCF8B32684300F00041FA5 /* MeasurementSelectionView.swift */; };
		7FFCF8B72684321900041FA5 /* QuantitySelectionView.swift in Sources */ = {isa = PBXBuildFile; fileRef = 7FFCF8B62684321900041FA5 /* QuantitySelectionView.swift */; };
		7FFCF8BA2684371300041FA5 /* LogBrewView.swift in Sources */ = {isa = PBXBuildFile; fileRef = 7FFCF8B92684371300041FA5 /* LogBrewView.swift */; };
		7FFCF8BC26854A1700041FA5 /* View+Ext.swift in Sources */ = {isa = PBXBuildFile; fileRef = 7FFCF8BB26854A1700041FA5 /* View+Ext.swift */; };
		7FFCF8BE2686A2B500041FA5 /* CustomModifiers.swift in Sources */ = {isa = PBXBuildFile; fileRef = 7FFCF8BD2686A2B500041FA5 /* CustomModifiers.swift */; };
		7FFCF8C02686B83E00041FA5 /* LogBrewViewModel.swift in Sources */ = {isa = PBXBuildFile; fileRef = 7FFCF8BF2686B83E00041FA5 /* LogBrewViewModel.swift */; };
/* End PBXBuildFile section */

/* Begin PBXFileReference section */
		7F4CB2B326818D0E003F0D06 /* PocketBarista.app */ = {isa = PBXFileReference; explicitFileType = wrapper.application; includeInIndex = 0; path = PocketBarista.app; sourceTree = BUILT_PRODUCTS_DIR; };
		7F4CB2B626818D0E003F0D06 /* PocketBaristaApp.swift */ = {isa = PBXFileReference; lastKnownFileType = sourcecode.swift; path = PocketBaristaApp.swift; sourceTree = "<group>"; };
		7F4CB2BA26818D0F003F0D06 /* Assets.xcassets */ = {isa = PBXFileReference; lastKnownFileType = folder.assetcatalog; path = Assets.xcassets; sourceTree = "<group>"; };
		7F4CB2BD26818D0F003F0D06 /* Preview Assets.xcassets */ = {isa = PBXFileReference; lastKnownFileType = folder.assetcatalog; path = "Preview Assets.xcassets"; sourceTree = "<group>"; };
		7F4CB2BF26818D0F003F0D06 /* Info.plist */ = {isa = PBXFileReference; lastKnownFileType = text.plist.xml; path = Info.plist; sourceTree = "<group>"; };
		7F4CB2C726818DCD003F0D06 /* AppTabView.swift */ = {isa = PBXFileReference; lastKnownFileType = sourcecode.swift; path = AppTabView.swift; sourceTree = "<group>"; };
		7F4CB2CC26818EC2003F0D06 /* BrewViewModel.swift */ = {isa = PBXFileReference; lastKnownFileType = sourcecode.swift; path = BrewViewModel.swift; sourceTree = "<group>"; };
		7F4CB2CF2681925C003F0D06 /* Constants.swift */ = {isa = PBXFileReference; lastKnownFileType = sourcecode.swift; path = Constants.swift; sourceTree = "<group>"; };
		7F4CB2D226819789003F0D06 /* FavoritesView.swift */ = {isa = PBXFileReference; lastKnownFileType = sourcecode.swift; path = FavoritesView.swift; sourceTree = "<group>"; };
		7F4CB2D52682DEA8003F0D06 /* BrewView.swift */ = {isa = PBXFileReference; lastKnownFileType = sourcecode.swift; path = BrewView.swift; sourceTree = "<group>"; };
		7F79F1CB2686BCC2000BD6B4 /* RatingView.swift */ = {isa = PBXFileReference; lastKnownFileType = sourcecode.swift; path = RatingView.swift; sourceTree = "<group>"; };
		7FFCF8B126840B9F00041FA5 /* Float+Ext.swift */ = {isa = PBXFileReference; lastKnownFileType = sourcecode.swift; path = "Float+Ext.swift"; sourceTree = "<group>"; };
		7FFCF8B32684300F00041FA5 /* MeasurementSelectionView.swift */ = {isa = PBXFileReference; lastKnownFileType = sourcecode.swift; path = MeasurementSelectionView.swift; sourceTree = "<group>"; };
		7FFCF8B62684321900041FA5 /* QuantitySelectionView.swift */ = {isa = PBXFileReference; lastKnownFileType = sourcecode.swift; path = QuantitySelectionView.swift; sourceTree = "<group>"; };
		7FFCF8B92684371300041FA5 /* LogBrewView.swift */ = {isa = PBXFileReference; lastKnownFileType = sourcecode.swift; path = LogBrewView.swift; sourceTree = "<group>"; };
		7FFCF8BB26854A1700041FA5 /* View+Ext.swift */ = {isa = PBXFileReference; lastKnownFileType = sourcecode.swift; path = "View+Ext.swift"; sourceTree = "<group>"; };
		7FFCF8BD2686A2B500041FA5 /* CustomModifiers.swift */ = {isa = PBXFileReference; lastKnownFileType = sourcecode.swift; path = CustomModifiers.swift; sourceTree = "<group>"; };
		7FFCF8BF2686B83E00041FA5 /* LogBrewViewModel.swift */ = {isa = PBXFileReference; lastKnownFileType = sourcecode.swift; path = LogBrewViewModel.swift; sourceTree = "<group>"; };
/* End PBXFileReference section */

/* Begin PBXFrameworksBuildPhase section */
		7F4CB2B026818D0E003F0D06 /* Frameworks */ = {
			isa = PBXFrameworksBuildPhase;
			buildActionMask = 2147483647;
			files = (
			);
			runOnlyForDeploymentPostprocessing = 0;
		};
/* End PBXFrameworksBuildPhase section */

/* Begin PBXGroup section */
		7F4CB2AA26818D0E003F0D06 = {
			isa = PBXGroup;
			children = (
				7F4CB2B526818D0E003F0D06 /* PocketBarista */,
				7F4CB2B426818D0E003F0D06 /* Products */,
			);
			sourceTree = "<group>";
		};
		7F4CB2B426818D0E003F0D06 /* Products */ = {
			isa = PBXGroup;
			children = (
				7F4CB2B326818D0E003F0D06 /* PocketBarista.app */,
			);
			name = Products;
			sourceTree = "<group>";
		};
		7F4CB2B526818D0E003F0D06 /* PocketBarista */ = {
			isa = PBXGroup;
			children = (
				7F4CB2CE2681924A003F0D06 /* Utilities */,
				7F4CB2C526818D49003F0D06 /* Views */,
				7F4CB2B626818D0E003F0D06 /* PocketBaristaApp.swift */,
				7F4CB2BA26818D0F003F0D06 /* Assets.xcassets */,
				7F4CB2BF26818D0F003F0D06 /* Info.plist */,
				7F4CB2BC26818D0F003F0D06 /* Preview Content */,
			);
			path = PocketBarista;
			sourceTree = "<group>";
		};
		7F4CB2BC26818D0F003F0D06 /* Preview Content */ = {
			isa = PBXGroup;
			children = (
				7F4CB2BD26818D0F003F0D06 /* Preview Assets.xcassets */,
			);
			path = "Preview Content";
			sourceTree = "<group>";
		};
		7F4CB2C526818D49003F0D06 /* Views */ = {
			isa = PBXGroup;
			children = (
				7F4CB2C726818DCD003F0D06 /* AppTabView.swift */,
				7FFCF8B52684320700041FA5 /* CustomViews */,
				7F4CB2C626818D52003F0D06 /* Screens */,
				7FFCF8BD2686A2B500041FA5 /* CustomModifiers.swift */,
			);
			path = Views;
			sourceTree = "<group>";
		};
		7F4CB2C626818D52003F0D06 /* Screens */ = {
			isa = PBXGroup;
			children = (
				7FFCF8B82684370700041FA5 /* LogBrew */,
				7F4CB2C926818E64003F0D06 /* BrewView */,
				7F4CB2D426819793003F0D06 /* FavoritesView */,
			);
			path = Screens;
			sourceTree = "<group>";
		};
		7F4CB2C926818E64003F0D06 /* BrewView */ = {
			isa = PBXGroup;
			children = (
				7F4CB2CC26818EC2003F0D06 /* BrewViewModel.swift */,
				7F4CB2D52682DEA8003F0D06 /* BrewView.swift */,
			);
			path = BrewView;
			sourceTree = "<group>";
		};
		7F4CB2CE2681924A003F0D06 /* Utilities */ = {
			isa = PBXGroup;
			children = (
				7FFCF8B026840B8C00041FA5 /* Extensions */,
				7F4CB2CF2681925C003F0D06 /* Constants.swift */,
			);
			path = Utilities;
			sourceTree = "<group>";
		};
		7F4CB2D426819793003F0D06 /* FavoritesView */ = {
			isa = PBXGroup;
			children = (
				7F4CB2D226819789003F0D06 /* FavoritesView.swift */,
			);
			path = FavoritesView;
			sourceTree = "<group>";
		};
		7FFCF8B026840B8C00041FA5 /* Extensions */ = {
			isa = PBXGroup;
			children = (
				7FFCF8B126840B9F00041FA5 /* Float+Ext.swift */,
				7FFCF8BB26854A1700041FA5 /* View+Ext.swift */,
			);
			path = Extensions;
			sourceTree = "<group>";
		};
		7FFCF8B52684320700041FA5 /* CustomViews */ = {
			isa = PBXGroup;
			children = (
				7FFCF8B32684300F00041FA5 /* MeasurementSelectionView.swift */,
				7FFCF8B62684321900041FA5 /* QuantitySelectionView.swift */,
				7F79F1CB2686BCC2000BD6B4 /* RatingView.swift */,
			);
			path = CustomViews;
			sourceTree = "<group>";
		};
		7FFCF8B82684370700041FA5 /* LogBrew */ = {
			isa = PBXGroup;
			children = (
				7FFCF8BF2686B83E00041FA5 /* LogBrewViewModel.swift */,
				7FFCF8B92684371300041FA5 /* LogBrewView.swift */,
			);
			path = LogBrew;
			sourceTree = "<group>";
		};
/* End PBXGroup section */

/* Begin PBXNativeTarget section */
		7F4CB2B226818D0E003F0D06 /* PocketBarista */ = {
			isa = PBXNativeTarget;
			buildConfigurationList = 7F4CB2C226818D0F003F0D06 /* Build configuration list for PBXNativeTarget "PocketBarista" */;
			buildPhases = (
				7F4CB2AF26818D0E003F0D06 /* Sources */,
				7F4CB2B026818D0E003F0D06 /* Frameworks */,
				7F4CB2B126818D0E003F0D06 /* Resources */,
				7F4CB2D126819499003F0D06 /* ShellScript */,
			);
			buildRules = (
			);
			dependencies = (
			);
			name = PocketBarista;
			productName = PocketBarista;
			productReference = 7F4CB2B326818D0E003F0D06 /* PocketBarista.app */;
			productType = "com.apple.product-type.application";
		};
/* End PBXNativeTarget section */

/* Begin PBXProject section */
		7F4CB2AB26818D0E003F0D06 /* Project object */ = {
			isa = PBXProject;
			attributes = {
				LastSwiftUpdateCheck = 1250;
				LastUpgradeCheck = 1250;
				TargetAttributes = {
					7F4CB2B226818D0E003F0D06 = {
						CreatedOnToolsVersion = 12.5;
					};
				};
			};
			buildConfigurationList = 7F4CB2AE26818D0E003F0D06 /* Build configuration list for PBXProject "PocketBarista" */;
			compatibilityVersion = "Xcode 9.3";
			developmentRegion = en;
			hasScannedForEncodings = 0;
			knownRegions = (
				en,
				Base,
			);
			mainGroup = 7F4CB2AA26818D0E003F0D06;
			productRefGroup = 7F4CB2B426818D0E003F0D06 /* Products */;
			projectDirPath = "";
			projectRoot = "";
			targets = (
				7F4CB2B226818D0E003F0D06 /* PocketBarista */,
			);
		};
/* End PBXProject section */

/* Begin PBXResourcesBuildPhase section */
		7F4CB2B126818D0E003F0D06 /* Resources */ = {
			isa = PBXResourcesBuildPhase;
			buildActionMask = 2147483647;
			files = (
				7F4CB2BE26818D0F003F0D06 /* Preview Assets.xcassets in Resources */,
				7F4CB2BB26818D0F003F0D06 /* Assets.xcassets in Resources */,
			);
			runOnlyForDeploymentPostprocessing = 0;
		};
/* End PBXResourcesBuildPhase section */

/* Begin PBXShellScriptBuildPhase section */
		7F4CB2D126819499003F0D06 /* ShellScript */ = {
			isa = PBXShellScriptBuildPhase;
			buildActionMask = 2147483647;
			files = (
			);
			inputFileListPaths = (
			);
			inputPaths = (
			);
			outputFileListPaths = (
			);
			outputPaths = (
			);
			runOnlyForDeploymentPostprocessing = 0;
			shellPath = /bin/sh;
			shellScript = "# Type a script or drag a script file from your workspace to insert its path.\nif which swiftlint >/dev/null; then\n  swiftlint\nelse\n  echo \"warning: SwiftLint not installed, download from https://github.com/realm/SwiftLint\"\nfi\n";
		};
/* End PBXShellScriptBuildPhase section */

/* Begin PBXSourcesBuildPhase section */
		7F4CB2AF26818D0E003F0D06 /* Sources */ = {
			isa = PBXSourcesBuildPhase;
			buildActionMask = 2147483647;
			files = (
				7FFCF8B42684300F00041FA5 /* MeasurementSelectionView.swift in Sources */,
				7F4CB2D02681925C003F0D06 /* Constants.swift in Sources */,
				7F4CB2D326819789003F0D06 /* FavoritesView.swift in Sources */,
				7FFCF8B72684321900041FA5 /* QuantitySelectionView.swift in Sources */,
				7F4CB2D62682DEA8003F0D06 /* BrewView.swift in Sources */,
				7F4CB2C826818DCD003F0D06 /* AppTabView.swift in Sources */,
				7F4CB2CD26818EC2003F0D06 /* BrewViewModel.swift in Sources */,
				7FFCF8BC26854A1700041FA5 /* View+Ext.swift in Sources */,
				7FFCF8B226840B9F00041FA5 /* Float+Ext.swift in Sources */,
				7FFCF8BE2686A2B500041FA5 /* CustomModifiers.swift in Sources */,
				7FFCF8BA2684371300041FA5 /* LogBrewView.swift in Sources */,
				7F4CB2B726818D0E003F0D06 /* PocketBaristaApp.swift in Sources */,
				7FFCF8C02686B83E00041FA5 /* LogBrewViewModel.swift in Sources */,
				7F79F1CC2686BCC2000BD6B4 /* RatingView.swift in Sources */,
			);
			runOnlyForDeploymentPostprocessing = 0;
		};
/* End PBXSourcesBuildPhase section */

/* Begin XCBuildConfiguration section */
		7F4CB2C026818D0F003F0D06 /* Debug */ = {
			isa = XCBuildConfiguration;
			buildSettings = {
				ALWAYS_SEARCH_USER_PATHS = NO;
				CLANG_ANALYZER_NONNULL = YES;
				CLANG_ANALYZER_NUMBER_OBJECT_CONVERSION = YES_AGGRESSIVE;
				CLANG_CXX_LANGUAGE_STANDARD = "gnu++14";
				CLANG_CXX_LIBRARY = "libc++";
				CLANG_ENABLE_MODULES = YES;
				CLANG_ENABLE_OBJC_ARC = YES;
				CLANG_ENABLE_OBJC_WEAK = YES;
				CLANG_WARN_BLOCK_CAPTURE_AUTORELEASING = YES;
				CLANG_WARN_BOOL_CONVERSION = YES;
				CLANG_WARN_COMMA = YES;
				CLANG_WARN_CONSTANT_CONVERSION = YES;
				CLANG_WARN_DEPRECATED_OBJC_IMPLEMENTATIONS = YES;
				CLANG_WARN_DIRECT_OBJC_ISA_USAGE = YES_ERROR;
				CLANG_WARN_DOCUMENTATION_COMMENTS = YES;
				CLANG_WARN_EMPTY_BODY = YES;
				CLANG_WARN_ENUM_CONVERSION = YES;
				CLANG_WARN_INFINITE_RECURSION = YES;
				CLANG_WARN_INT_CONVERSION = YES;
				CLANG_WARN_NON_LITERAL_NULL_CONVERSION = YES;
				CLANG_WARN_OBJC_IMPLICIT_RETAIN_SELF = YES;
				CLANG_WARN_OBJC_LITERAL_CONVERSION = YES;
				CLANG_WARN_OBJC_ROOT_CLASS = YES_ERROR;
				CLANG_WARN_QUOTED_INCLUDE_IN_FRAMEWORK_HEADER = YES;
				CLANG_WARN_RANGE_LOOP_ANALYSIS = YES;
				CLANG_WARN_STRICT_PROTOTYPES = YES;
				CLANG_WARN_SUSPICIOUS_MOVE = YES;
				CLANG_WARN_UNGUARDED_AVAILABILITY = YES_AGGRESSIVE;
				CLANG_WARN_UNREACHABLE_CODE = YES;
				CLANG_WARN__DUPLICATE_METHOD_MATCH = YES;
				COPY_PHASE_STRIP = NO;
				DEBUG_INFORMATION_FORMAT = dwarf;
				ENABLE_STRICT_OBJC_MSGSEND = YES;
				ENABLE_TESTABILITY = YES;
				GCC_C_LANGUAGE_STANDARD = gnu11;
				GCC_DYNAMIC_NO_PIC = NO;
				GCC_NO_COMMON_BLOCKS = YES;
				GCC_OPTIMIZATION_LEVEL = 0;
				GCC_PREPROCESSOR_DEFINITIONS = (
					"DEBUG=1",
					"$(inherited)",
				);
				GCC_WARN_64_TO_32_BIT_CONVERSION = YES;
				GCC_WARN_ABOUT_RETURN_TYPE = YES_ERROR;
				GCC_WARN_UNDECLARED_SELECTOR = YES;
				GCC_WARN_UNINITIALIZED_AUTOS = YES_AGGRESSIVE;
				GCC_WARN_UNUSED_FUNCTION = YES;
				GCC_WARN_UNUSED_VARIABLE = YES;
				IPHONEOS_DEPLOYMENT_TARGET = 14.5;
				MTL_ENABLE_DEBUG_INFO = INCLUDE_SOURCE;
				MTL_FAST_MATH = YES;
				ONLY_ACTIVE_ARCH = YES;
				SDKROOT = iphoneos;
				SWIFT_ACTIVE_COMPILATION_CONDITIONS = DEBUG;
				SWIFT_OPTIMIZATION_LEVEL = "-Onone";
			};
			name = Debug;
		};
		7F4CB2C126818D0F003F0D06 /* Release */ = {
			isa = XCBuildConfiguration;
			buildSettings = {
				ALWAYS_SEARCH_USER_PATHS = NO;
				CLANG_ANALYZER_NONNULL = YES;
				CLANG_ANALYZER_NUMBER_OBJECT_CONVERSION = YES_AGGRESSIVE;
				CLANG_CXX_LANGUAGE_STANDARD = "gnu++14";
				CLANG_CXX_LIBRARY = "libc++";
				CLANG_ENABLE_MODULES = YES;
				CLANG_ENABLE_OBJC_ARC = YES;
				CLANG_ENABLE_OBJC_WEAK = YES;
				CLANG_WARN_BLOCK_CAPTURE_AUTORELEASING = YES;
				CLANG_WARN_BOOL_CONVERSION = YES;
				CLANG_WARN_COMMA = YES;
				CLANG_WARN_CONSTANT_CONVERSION = YES;
				CLANG_WARN_DEPRECATED_OBJC_IMPLEMENTATIONS = YES;
				CLANG_WARN_DIRECT_OBJC_ISA_USAGE = YES_ERROR;
				CLANG_WARN_DOCUMENTATION_COMMENTS = YES;
				CLANG_WARN_EMPTY_BODY = YES;
				CLANG_WARN_ENUM_CONVERSION = YES;
				CLANG_WARN_INFINITE_RECURSION = YES;
				CLANG_WARN_INT_CONVERSION = YES;
				CLANG_WARN_NON_LITERAL_NULL_CONVERSION = YES;
				CLANG_WARN_OBJC_IMPLICIT_RETAIN_SELF = YES;
				CLANG_WARN_OBJC_LITERAL_CONVERSION = YES;
				CLANG_WARN_OBJC_ROOT_CLASS = YES_ERROR;
				CLANG_WARN_QUOTED_INCLUDE_IN_FRAMEWORK_HEADER = YES;
				CLANG_WARN_RANGE_LOOP_ANALYSIS = YES;
				CLANG_WARN_STRICT_PROTOTYPES = YES;
				CLANG_WARN_SUSPICIOUS_MOVE = YES;
				CLANG_WARN_UNGUARDED_AVAILABILITY = YES_AGGRESSIVE;
				CLANG_WARN_UNREACHABLE_CODE = YES;
				CLANG_WARN__DUPLICATE_METHOD_MATCH = YES;
				COPY_PHASE_STRIP = NO;
				DEBUG_INFORMATION_FORMAT = "dwarf-with-dsym";
				ENABLE_NS_ASSERTIONS = NO;
				ENABLE_STRICT_OBJC_MSGSEND = YES;
				GCC_C_LANGUAGE_STANDARD = gnu11;
				GCC_NO_COMMON_BLOCKS = YES;
				GCC_WARN_64_TO_32_BIT_CONVERSION = YES;
				GCC_WARN_ABOUT_RETURN_TYPE = YES_ERROR;
				GCC_WARN_UNDECLARED_SELECTOR = YES;
				GCC_WARN_UNINITIALIZED_AUTOS = YES_AGGRESSIVE;
				GCC_WARN_UNUSED_FUNCTION = YES;
				GCC_WARN_UNUSED_VARIABLE = YES;
				IPHONEOS_DEPLOYMENT_TARGET = 14.5;
				MTL_ENABLE_DEBUG_INFO = NO;
				MTL_FAST_MATH = YES;
				SDKROOT = iphoneos;
				SWIFT_COMPILATION_MODE = wholemodule;
				SWIFT_OPTIMIZATION_LEVEL = "-O";
				VALIDATE_PRODUCT = YES;
			};
			name = Release;
		};
		7F4CB2C326818D0F003F0D06 /* Debug */ = {
			isa = XCBuildConfiguration;
			buildSettings = {
				ASSETCATALOG_COMPILER_APPICON_NAME = AppIcon;
				ASSETCATALOG_COMPILER_GLOBAL_ACCENT_COLOR_NAME = AccentColor;
				CODE_SIGN_STYLE = Automatic;
				DEVELOPMENT_ASSET_PATHS = "\"PocketBarista/Preview Content\"";
				DEVELOPMENT_TEAM = T24L76PMG9;
				ENABLE_PREVIEWS = YES;
				INFOPLIST_FILE = PocketBarista/Info.plist;
				IPHONEOS_DEPLOYMENT_TARGET = 14.0;
				LD_RUNPATH_SEARCH_PATHS = (
					"$(inherited)",
					"@executable_path/Frameworks",
				);
				PRODUCT_BUNDLE_IDENTIFIER = com.comedichoney.PocketBarista;
				PRODUCT_NAME = "$(TARGET_NAME)";
				SWIFT_VERSION = 5.0;
				TARGETED_DEVICE_FAMILY = "1,2";
			};
			name = Debug;
		};
		7F4CB2C426818D0F003F0D06 /* Release */ = {
			isa = XCBuildConfiguration;
			buildSettings = {
				ASSETCATALOG_COMPILER_APPICON_NAME = AppIcon;
				ASSETCATALOG_COMPILER_GLOBAL_ACCENT_COLOR_NAME = AccentColor;
				CODE_SIGN_STYLE = Automatic;
				DEVELOPMENT_ASSET_PATHS = "\"PocketBarista/Preview Content\"";
				DEVELOPMENT_TEAM = T24L76PMG9;
				ENABLE_PREVIEWS = YES;
				INFOPLIST_FILE = PocketBarista/Info.plist;
				IPHONEOS_DEPLOYMENT_TARGET = 14.0;
				LD_RUNPATH_SEARCH_PATHS = (
					"$(inherited)",
					"@executable_path/Frameworks",
				);
				PRODUCT_BUNDLE_IDENTIFIER = com.comedichoney.PocketBarista;
				PRODUCT_NAME = "$(TARGET_NAME)";
				SWIFT_VERSION = 5.0;
				TARGETED_DEVICE_FAMILY = "1,2";
			};
			name = Release;
		};
/* End XCBuildConfiguration section */

/* Begin XCConfigurationList section */
		7F4CB2AE26818D0E003F0D06 /* Build configuration list for PBXProject "PocketBarista" */ = {
			isa = XCConfigurationList;
			buildConfigurations = (
				7F4CB2C026818D0F003F0D06 /* Debug */,
				7F4CB2C126818D0F003F0D06 /* Release */,
			);
			defaultConfigurationIsVisible = 0;
			defaultConfigurationName = Release;
		};
		7F4CB2C226818D0F003F0D06 /* Build configuration list for PBXNativeTarget "PocketBarista" */ = {
			isa = XCConfigurationList;
			buildConfigurations = (
				7F4CB2C326818D0F003F0D06 /* Debug */,
				7F4CB2C426818D0F003F0D06 /* Release */,
			);
			defaultConfigurationIsVisible = 0;
			defaultConfigurationName = Release;
		};
/* End XCConfigurationList section */
	};
	rootObject = 7F4CB2AB26818D0E003F0D06 /* Project object */;
}
